{
  "name": "i18n-zh-en-webpack-plugin",
  "version": "1.0.0",
  "lockfileVersion": 1,
  "requires": true,
  "dependencies": {
    "@types/eslint": {
      "version": "7.2.6",
      "resolved": "https://registry.npm.taobao.org/@types/eslint/download/@types/eslint-7.2.6.tgz?cache=0&sync_timestamp=1606904618403&other_urls=https%3A%2F%2Fregistry.npm.taobao.org%2F%40types%2Feslint%2Fdownload%2F%40types%2Feslint-7.2.6.tgz",
      "integrity": "sha1-Xpr/VVqXVZbAOpi1ns0QPezHDDw=",
      "requires": {
        "@types/estree": "*",
        "@types/json-schema": "*"
      }
    },
    "@types/eslint-scope": {
      "version": "3.7.0",
      "resolved": "https://registry.npm.taobao.org/@types/eslint-scope/download/@types/eslint-scope-3.7.0.tgz?cache=0&sync_timestamp=1605053238448&other_urls=https%3A%2F%2Fregistry.npm.taobao.org%2F%40types%2Feslint-scope%2Fdownload%2F%40types%2Feslint-scope-3.7.0.tgz",
      "integrity": "sha1-R5KBbjERnr1QaQKkgsrsSVH6vYY=",
      "requires": {
        "@types/eslint": "*",
        "@types/estree": "*"
      }
    },
    "@types/estree": {
      "version": "0.0.45",
      "resolved": "https://registry.npm.taobao.org/@types/estree/download/@types/estree-0.0.45.tgz?cache=0&sync_timestamp=1605053132167&other_urls=https%3A%2F%2Fregistry.npm.taobao.org%2F%40types%2Festree%2Fdownload%2F%40types%2Festree-0.0.45.tgz",
      "integrity": "sha1-6Th1cpmOXs2sIhlQ2rPow7Fq+IQ="
    },
    "@types/json-schema": {
      "version": "7.0.6",
      "resolved": "https://registry.npm.taobao.org/@types/json-schema/download/@types/json-schema-7.0.6.tgz?cache=0&sync_timestamp=1605053861867&other_urls=https%3A%2F%2Fregistry.npm.taobao.org%2F%40types%2Fjson-schema%2Fdownload%2F%40types%2Fjson-schema-7.0.6.tgz",
      "integrity": "sha1-9MfsQ+gbMZqYFRFQMXCfJph4kfA="
    },
    "@types/node": {
      "version": "14.14.19",
      "resolved": "https://registry.npm.taobao.org/@types/node/download/@types/node-14.14.19.tgz?cache=0&sync_timestamp=1609521930046&other_urls=https%3A%2F%2Fregistry.npm.taobao.org%2F%40types%2Fnode%2Fdownload%2F%40types%2Fnode-14.14.19.tgz",
      "integrity": "sha1-UTUXaoMwuI7OTpqx/c/ApUW0urQ="
    },
    "@webassemblyjs/ast": {
      "version": "1.9.1",
      "resolved": "https://registry.npm.taobao.org/@webassemblyjs/ast/download/@webassemblyjs/ast-1.9.1.tgz",
      "integrity": "sha1-dsaTdxbWi/FITBUTn17TC5q8i7Q=",
      "requires": {
        "@webassemblyjs/helper-module-context": "1.9.1",
        "@webassemblyjs/helper-wasm-bytecode": "1.9.1",
        "@webassemblyjs/wast-parser": "1.9.1"
      }
    },
    "@webassemblyjs/floating-point-hex-parser": {
      "version": "1.9.1",
      "resolved": "https://registry.npm.taobao.org/@webassemblyjs/floating-point-hex-parser/download/@webassemblyjs/floating-point-hex-parser-1.9.1.tgz",
      "integrity": "sha1-nrD/kKHN7vUfNrpTPtnwa1za3Qk="
    },
    "@webassemblyjs/helper-api-error": {
      "version": "1.9.1",
      "resolved": "https://registry.npm.taobao.org/@webassemblyjs/helper-api-error/download/@webassemblyjs/helper-api-error-1.9.1.tgz",
      "integrity": "sha1-rYkBXEJGzX9e0FVnACN/i5wsdS8="
    },
    "@webassemblyjs/helper-buffer": {
      "version": "1.9.1",
      "resolved": "https://registry.npm.taobao.org/@webassemblyjs/helper-buffer/download/@webassemblyjs/helper-buffer-1.9.1.tgz",
      "integrity": "sha1-GG5nrCX5VG6nk5dZQTmH8VdSQTM="
    },
    "@webassemblyjs/helper-code-frame": {
      "version": "1.9.1",
      "resolved": "https://registry.npm.taobao.org/@webassemblyjs/helper-code-frame/download/@webassemblyjs/helper-code-frame-1.9.1.tgz",
      "integrity": "sha1-qrF3t8yHoxio+GZK1o4sOCjrxCs=",
      "requires": {
        "@webassemblyjs/wast-printer": "1.9.1"
      }
    },
    "@webassemblyjs/helper-fsm": {
      "version": "1.9.1",
      "resolved": "https://registry.npm.taobao.org/@webassemblyjs/helper-fsm/download/@webassemblyjs/helper-fsm-1.9.1.tgz",
      "integrity": "sha1-Un6RYo6E0T01c4hLPcTFOoHcuRE="
    },
    "@webassemblyjs/helper-module-context": {
      "version": "1.9.1",
      "resolved": "https://registry.npm.taobao.org/@webassemblyjs/helper-module-context/download/@webassemblyjs/helper-module-context-1.9.1.tgz",
      "integrity": "sha1-d4Zws9Rx988JPR58Dd5DG1QxDhY=",
      "requires": {
        "@webassemblyjs/ast": "1.9.1"
      }
    },
    "@webassemblyjs/helper-wasm-bytecode": {
      "version": "1.9.1",
      "resolved": "https://registry.npm.taobao.org/@webassemblyjs/helper-wasm-bytecode/download/@webassemblyjs/helper-wasm-bytecode-1.9.1.tgz",
      "integrity": "sha1-Vj9ZvPQJzPRp7d4Wi5Qmlh/79t8="
    },
    "@webassemblyjs/helper-wasm-section": {
      "version": "1.9.1",
      "resolved": "https://registry.npm.taobao.org/@webassemblyjs/helper-wasm-section/download/@webassemblyjs/helper-wasm-section-1.9.1.tgz",
      "integrity": "sha1-95iPlMErAbmaFhIMsB3AmbAOR5g=",
      "requires": {
        "@webassemblyjs/ast": "1.9.1",
        "@webassemblyjs/helper-buffer": "1.9.1",
        "@webassemblyjs/helper-wasm-bytecode": "1.9.1",
        "@webassemblyjs/wasm-gen": "1.9.1"
      }
    },
    "@webassemblyjs/ieee754": {
      "version": "1.9.1",
      "resolved": "https://registry.npm.taobao.org/@webassemblyjs/ieee754/download/@webassemblyjs/ieee754-1.9.1.tgz",
      "integrity": "sha1-O3FYccp9dXhHF8+c7KnXuBN0uK8=",
      "requires": {
        "@xtuc/ieee754": "^1.2.0"
      }
    },
    "@webassemblyjs/leb128": {
      "version": "1.9.1",
      "resolved": "https://registry.npm.taobao.org/@webassemblyjs/leb128/download/@webassemblyjs/leb128-1.9.1.tgz",
      "integrity": "sha1-suyqOfnoJ3zJxwfByosqp7J9C3I=",
      "requires": {
        "@xtuc/long": "4.2.2"
      }
    },
    "@webassemblyjs/utf8": {
      "version": "1.9.1",
      "resolved": "https://registry.npm.taobao.org/@webassemblyjs/utf8/download/@webassemblyjs/utf8-1.9.1.tgz",
      "integrity": "sha1-0C2dqrhc2jIR5DyvMdynTCYKc7A="
    },
    "@webassemblyjs/wasm-edit": {
      "version": "1.9.1",
      "resolved": "https://registry.npm.taobao.org/@webassemblyjs/wasm-edit/download/@webassemblyjs/wasm-edit-1.9.1.tgz",
      "integrity": "sha1-4npr2/eOXHL6gSovw8uq18PjdXg=",
      "requires": {
        "@webassemblyjs/ast": "1.9.1",
        "@webassemblyjs/helper-buffer": "1.9.1",
        "@webassemblyjs/helper-wasm-bytecode": "1.9.1",
        "@webassemblyjs/helper-wasm-section": "1.9.1",
        "@webassemblyjs/wasm-gen": "1.9.1",
        "@webassemblyjs/wasm-opt": "1.9.1",
        "@webassemblyjs/wasm-parser": "1.9.1",
        "@webassemblyjs/wast-printer": "1.9.1"
      }
    },
    "@webassemblyjs/wasm-gen": {
      "version": "1.9.1",
      "resolved": "https://registry.npm.taobao.org/@webassemblyjs/wasm-gen/download/@webassemblyjs/wasm-gen-1.9.1.tgz",
      "integrity": "sha1-VqB4fR+nmU/ce+pZAE5b7HGJxfw=",
      "requires": {
        "@webassemblyjs/ast": "1.9.1",
        "@webassemblyjs/helper-wasm-bytecode": "1.9.1",
        "@webassemblyjs/ieee754": "1.9.1",
        "@webassemblyjs/leb128": "1.9.1",
        "@webassemblyjs/utf8": "1.9.1"
      }
    },
    "@webassemblyjs/wasm-opt": {
      "version": "1.9.1",
      "resolved": "https://registry.npm.taobao.org/@webassemblyjs/wasm-opt/download/@webassemblyjs/wasm-opt-1.9.1.tgz",
      "integrity": "sha1-+9+JQ6gl5tzEzWnD4JIon6SuyWw=",
      "requires": {
        "@webassemblyjs/ast": "1.9.1",
        "@webassemblyjs/helper-buffer": "1.9.1",
        "@webassemblyjs/wasm-gen": "1.9.1",
        "@webassemblyjs/wasm-parser": "1.9.1"
      }
    },
    "@webassemblyjs/wasm-parser": {
      "version": "1.9.1",
      "resolved": "https://registry.npm.taobao.org/@webassemblyjs/wasm-parser/download/@webassemblyjs/wasm-parser-1.9.1.tgz",
      "integrity": "sha1-XoNSokbT9gUxLI5BT3mQ3lWq7fo=",
      "requires": {
        "@webassemblyjs/ast": "1.9.1",
        "@webassemblyjs/helper-api-error": "1.9.1",
        "@webassemblyjs/helper-wasm-bytecode": "1.9.1",
        "@webassemblyjs/ieee754": "1.9.1",
        "@webassemblyjs/leb128": "1.9.1",
        "@webassemblyjs/utf8": "1.9.1"
      }
    },
    "@webassemblyjs/wast-parser": {
      "version": "1.9.1",
      "resolved": "https://registry.npm.taobao.org/@webassemblyjs/wast-parser/download/@webassemblyjs/wast-parser-1.9.1.tgz",
      "integrity": "sha1-4l7xNYXAYAc8HbDWvZQ0D97udZY=",
      "requires": {
        "@webassemblyjs/ast": "1.9.1",
        "@webassemblyjs/floating-point-hex-parser": "1.9.1",
        "@webassemblyjs/helper-api-error": "1.9.1",
        "@webassemblyjs/helper-code-frame": "1.9.1",
        "@webassemblyjs/helper-fsm": "1.9.1",
        "@xtuc/long": "4.2.2"
      }
    },
    "@webassemblyjs/wast-printer": {
      "version": "1.9.1",
      "resolved": "https://registry.npm.taobao.org/@webassemblyjs/wast-printer/download/@webassemblyjs/wast-printer-1.9.1.tgz",
      "integrity": "sha1-ufOOk2UgN9Tz+ckVhGNa9Bke18E=",
      "requires": {
        "@webassemblyjs/ast": "1.9.1",
        "@webassemblyjs/wast-parser": "1.9.1",
        "@xtuc/long": "4.2.2"
      }
    },
    "@xtuc/ieee754": {
      "version": "1.2.0",
      "resolved": "https://registry.npm.taobao.org/@xtuc/ieee754/download/@xtuc/ieee754-1.2.0.tgz",
      "integrity": "sha1-7vAUoxRa5Hehy8AM0eVSM23Ot5A="
    },
    "@xtuc/long": {
      "version": "4.2.2",
      "resolved": "https://registry.npm.taobao.org/@xtuc/long/download/@xtuc/long-4.2.2.tgz",
      "integrity": "sha1-0pHGpOl5ibXGHZrPOWrk/hM6cY0="
    },
    "acorn": {
      "version": "8.0.4",
      "resolved": "https://registry.npm.taobao.org/acorn/download/acorn-8.0.4.tgz?cache=0&sync_timestamp=1602534280466&other_urls=https%3A%2F%2Fregistry.npm.taobao.org%2Facorn%2Fdownload%2Facorn-8.0.4.tgz",
      "integrity": "sha1-ejrkGRRmpphO7g/jQHpPOqnbg1Q="
    },
    "ajv": {
      "version": "6.12.6",
      "resolved": "https://registry.npm.taobao.org/ajv/download/ajv-6.12.6.tgz?cache=0&sync_timestamp=1609583976611&other_urls=https%3A%2F%2Fregistry.npm.taobao.org%2Fajv%2Fdownload%2Fajv-6.12.6.tgz",
      "integrity": "sha1-uvWmLoArB9l3A0WG+MO69a3ybfQ=",
      "requires": {
        "fast-deep-equal": "^3.1.1",
        "fast-json-stable-stringify": "^2.0.0",
        "json-schema-traverse": "^0.4.1",
        "uri-js": "^4.2.2"
      }
    },
    "ajv-keywords": {
      "version": "3.5.2",
      "resolved": "https://registry.npm.taobao.org/ajv-keywords/download/ajv-keywords-3.5.2.tgz?cache=0&sync_timestamp=1608059810829&other_urls=https%3A%2F%2Fregistry.npm.taobao.org%2Fajv-keywords%2Fdownload%2Fajv-keywords-3.5.2.tgz",
      "integrity": "sha1-MfKdpatuANHC0yms97WSlhTVAU0="
    },
    "ansi-styles": {
      "version": "4.3.0",
      "resolved": "https://registry.npm.taobao.org/ansi-styles/download/ansi-styles-4.3.0.tgz?cache=0&sync_timestamp=1606792371412&other_urls=https%3A%2F%2Fregistry.npm.taobao.org%2Fansi-styles%2Fdownload%2Fansi-styles-4.3.0.tgz",
      "integrity": "sha1-7dgDYornHATIWuegkG7a00tkiTc=",
      "requires": {
        "color-convert": "^2.0.1"
      }
    },
    "browserslist": {
      "version": "4.16.0",
      "resolved": "https://registry.npm.taobao.org/browserslist/download/browserslist-4.16.0.tgz?cache=0&sync_timestamp=1607665649211&other_urls=https%3A%2F%2Fregistry.npm.taobao.org%2Fbrowserslist%2Fdownload%2Fbrowserslist-4.16.0.tgz",
      "integrity": "sha1-QQJ3YnUAvjyyihv+A3WG++35SIs=",
      "requires": {
        "caniuse-lite": "^1.0.30001165",
        "colorette": "^1.2.1",
        "electron-to-chromium": "^1.3.621",
        "escalade": "^3.1.1",
        "node-releases": "^1.1.67"
      }
    },
    "buffer-from": {
      "version": "1.1.1",
      "resolved": "https://registry.npm.taobao.org/buffer-from/download/buffer-from-1.1.1.tgz",
      "integrity": "sha1-MnE7wCj3XAL9txDXx7zsHyxgcO8="
    },
    "caniuse-lite": {
      "version": "1.0.30001173",
      "resolved": "https://registry.npm.taobao.org/caniuse-lite/download/caniuse-lite-1.0.30001173.tgz?cache=0&sync_timestamp=1609736579957&other_urls=https%3A%2F%2Fregistry.npm.taobao.org%2Fcaniuse-lite%2Fdownload%2Fcaniuse-lite-1.0.30001173.tgz",
      "integrity": "sha1-PEe7481tep7af1CsAW0VgAVWn1Y="
    },
    "chalk": {
      "version": "4.1.0",
      "resolved": "https://registry.npm.taobao.org/chalk/download/chalk-4.1.0.tgz?cache=0&sync_timestamp=1591687076871&other_urls=https%3A%2F%2Fregistry.npm.taobao.org%2Fchalk%2Fdownload%2Fchalk-4.1.0.tgz",
      "integrity": "sha1-ThSHCmGNni7dl92DRf2dncMVZGo=",
      "requires": {
        "ansi-styles": "^4.1.0",
        "supports-color": "^7.1.0"
      }
    },
    "chrome-trace-event": {
      "version": "1.0.2",
      "resolved": "https://registry.npm.taobao.org/chrome-trace-event/download/chrome-trace-event-1.0.2.tgz",
      "integrity": "sha1-I0CQ7pfH1K0aLEvq4nUF3v/GCKQ=",
      "requires": {
        "tslib": "^1.9.0"
      }
    },
    "color-convert": {
      "version": "2.0.1",
      "resolved": "https://registry.npm.taobao.org/color-convert/download/color-convert-2.0.1.tgz",
      "integrity": "sha1-ctOmjVmMm9s68q0ehPIdiWq9TeM=",
      "requires": {
        "color-name": "~1.1.4"
      }
    },
    "color-name": {
      "version": "1.1.4",
      "resolved": "https://registry.npm.taobao.org/color-name/download/color-name-1.1.4.tgz",
      "integrity": "sha1-wqCah6y95pVD3m9j+jmVyCbFNqI="
    },
    "colorette": {
      "version": "1.2.1",
      "resolved": "https://registry.npm.taobao.org/colorette/download/colorette-1.2.1.tgz?cache=0&sync_timestamp=1593955762018&other_urls=https%3A%2F%2Fregistry.npm.taobao.org%2Fcolorette%2Fdownload%2Fcolorette-1.2.1.tgz",
      "integrity": "sha1-TQuSEyXBT6+SYzCGpTbbbolWSxs="
    },
    "commander": {
      "version": "2.20.3",
      "resolved": "https://registry.npm.taobao.org/commander/download/commander-2.20.3.tgz?cache=0&sync_timestamp=1607933281807&other_urls=https%3A%2F%2Fregistry.npm.taobao.org%2Fcommander%2Fdownload%2Fcommander-2.20.3.tgz",
      "integrity": "sha1-/UhehMA+tIgcIHIrpIA16FMa6zM="
    },
    "electron-to-chromium": {
      "version": "1.3.633",
      "resolved": "https://registry.npm.taobao.org/electron-to-chromium/download/electron-to-chromium-1.3.633.tgz?cache=0&sync_timestamp=1608748413003&other_urls=https%3A%2F%2Fregistry.npm.taobao.org%2Felectron-to-chromium%2Fdownload%2Felectron-to-chromium-1.3.633.tgz",
      "integrity": "sha1-Ft1a7J3gOJTo0UodtM2oo2m5t/4="
    },
    "enhanced-resolve": {
      "version": "5.4.1",
      "resolved": "https://registry.npm.taobao.org/enhanced-resolve/download/enhanced-resolve-5.4.1.tgz?cache=0&sync_timestamp=1608557470499&other_urls=https%3A%2F%2Fregistry.npm.taobao.org%2Fenhanced-resolve%2Fdownload%2Fenhanced-resolve-5.4.1.tgz",
      "integrity": "sha1-yJsMNPF/kxkC7ykToSXUuCW0m28=",
      "requires": {
        "graceful-fs": "^4.2.4",
        "tapable": "^2.2.0"
      }
    },
    "escalade": {
      "version": "3.1.1",
      "resolved": "https://registry.npm.taobao.org/escalade/download/escalade-3.1.1.tgz?cache=0&sync_timestamp=1602567230854&other_urls=https%3A%2F%2Fregistry.npm.taobao.org%2Fescalade%2Fdownload%2Fescalade-3.1.1.tgz",
      "integrity": "sha1-2M/ccACWXFoBdLSoLqpcBVJ0LkA="
    },
    "eslint-scope": {
      "version": "5.1.1",
      "resolved": "https://registry.npm.taobao.org/eslint-scope/download/eslint-scope-5.1.1.tgz?cache=0&sync_timestamp=1600070417656&other_urls=https%3A%2F%2Fregistry.npm.taobao.org%2Feslint-scope%2Fdownload%2Feslint-scope-5.1.1.tgz",
      "integrity": "sha1-54blmmbLkrP2wfsNUIqrF0hI9Iw=",
      "requires": {
        "esrecurse": "^4.3.0",
        "estraverse": "^4.1.1"
      }
    },
    "esrecurse": {
      "version": "4.3.0",
      "resolved": "https://registry.npm.taobao.org/esrecurse/download/esrecurse-4.3.0.tgz?cache=0&sync_timestamp=1598898247102&other_urls=https%3A%2F%2Fregistry.npm.taobao.org%2Fesrecurse%2Fdownload%2Fesrecurse-4.3.0.tgz",
      "integrity": "sha1-eteWTWeauyi+5yzsY3WLHF0smSE=",
      "requires": {
        "estraverse": "^5.2.0"
      },
      "dependencies": {
        "estraverse": {
          "version": "5.2.0",
          "resolved": "https://registry.npm.taobao.org/estraverse/download/estraverse-5.2.0.tgz?cache=0&sync_timestamp=1596641261331&other_urls=https%3A%2F%2Fregistry.npm.taobao.org%2Festraverse%2Fdownload%2Festraverse-5.2.0.tgz",
          "integrity": "sha1-MH30JUfmzHMk088DwVXVzbjFOIA="
        }
      }
    },
    "estraverse": {
      "version": "4.3.0",
      "resolved": "https://registry.npm.taobao.org/estraverse/download/estraverse-4.3.0.tgz?cache=0&sync_timestamp=1596641261331&other_urls=https%3A%2F%2Fregistry.npm.taobao.org%2Festraverse%2Fdownload%2Festraverse-4.3.0.tgz",
      "integrity": "sha1-OYrT88WiSUi+dyXoPRGn3ijNvR0="
    },
    "events": {
      "version": "3.2.0",
      "resolved": "https://registry.npm.taobao.org/events/download/events-3.2.0.tgz?cache=0&sync_timestamp=1595422588771&other_urls=https%3A%2F%2Fregistry.npm.taobao.org%2Fevents%2Fdownload%2Fevents-3.2.0.tgz",
      "integrity": "sha1-k7h8GPjvzUICpGGuxN/AVWtjk3k="
    },
    "fast-deep-equal": {
      "version": "3.1.3",
      "resolved": "https://registry.npm.taobao.org/fast-deep-equal/download/fast-deep-equal-3.1.3.tgz?cache=0&sync_timestamp=1591599651635&other_urls=https%3A%2F%2Fregistry.npm.taobao.org%2Ffast-deep-equal%2Fdownload%2Ffast-deep-equal-3.1.3.tgz",
      "integrity": "sha1-On1WtVnWy8PrUSMlJE5hmmXGxSU="
    },
    "fast-json-stable-stringify": {
      "version": "2.1.0",
      "resolved": "https://registry.npm.taobao.org/fast-json-stable-stringify/download/fast-json-stable-stringify-2.1.0.tgz",
      "integrity": "sha1-h0v2nG9ATCtdmcSBNBOZ/VWJJjM="
    },
    "find-up": {
      "version": "5.0.0",
      "resolved": "https://registry.npm.taobao.org/find-up/download/find-up-5.0.0.tgz?cache=0&sync_timestamp=1597169795121&other_urls=https%3A%2F%2Fregistry.npm.taobao.org%2Ffind-up%2Fdownload%2Ffind-up-5.0.0.tgz",
      "integrity": "sha1-TJKBnstwg1YeT0okCoa+UZj1Nvw=",
      "requires": {
        "locate-path": "^6.0.0",
        "path-exists": "^4.0.0"
      }
    },
    "glob-to-regexp": {
      "version": "0.4.1",
      "resolved": "https://registry.npm.taobao.org/glob-to-regexp/download/glob-to-regexp-0.4.1.tgz",
      "integrity": "sha1-x1KXCHyFG5pXi9IX3VmpL1n+VG4="
    },
    "graceful-fs": {
      "version": "4.2.4",
      "resolved": "https://registry.npm.taobao.org/graceful-fs/download/graceful-fs-4.2.4.tgz",
      "integrity": "sha1-Ila94U02MpWMRl68ltxGfKB6Kfs="
    },
    "has-flag": {
      "version": "4.0.0",
      "resolved": "https://registry.npm.taobao.org/has-flag/download/has-flag-4.0.0.tgz",
      "integrity": "sha1-lEdx/ZyByBJlxNaUGGDaBrtZR5s="
    },
    "jest-worker": {
      "version": "26.6.2",
      "resolved": "https://registry.npm.taobao.org/jest-worker/download/jest-worker-26.6.2.tgz",
      "integrity": "sha1-f3LLxNZDw2Xie5/XdfnQ6qnHqO0=",
      "requires": {
        "@types/node": "*",
        "merge-stream": "^2.0.0",
        "supports-color": "^7.0.0"
      }
    },
    "json-parse-better-errors": {
      "version": "1.0.2",
      "resolved": "https://registry.npm.taobao.org/json-parse-better-errors/download/json-parse-better-errors-1.0.2.tgz",
      "integrity": "sha1-u4Z8+zRQ5pEHwTHRxRS6s9yLyqk="
    },
    "json-schema-traverse": {
      "version": "0.4.1",
      "resolved": "https://registry.npm.taobao.org/json-schema-traverse/download/json-schema-traverse-0.4.1.tgz?cache=0&sync_timestamp=1608000211395&other_urls=https%3A%2F%2Fregistry.npm.taobao.org%2Fjson-schema-traverse%2Fdownload%2Fjson-schema-traverse-0.4.1.tgz",
      "integrity": "sha1-afaofZUTq4u4/mO9sJecRI5oRmA="
    },
    "loader-runner": {
      "version": "4.1.0",
      "resolved": "https://registry.npm.taobao.org/loader-runner/download/loader-runner-4.1.0.tgz?cache=0&sync_timestamp=1601450780890&other_urls=https%3A%2F%2Fregistry.npm.taobao.org%2Floader-runner%2Fdownload%2Floader-runner-4.1.0.tgz",
      "integrity": "sha1-9wvAwp7bq98gQ+fuc8zD/hyWtC0="
    },
    "locate-path": {
      "version": "6.0.0",
      "resolved": "https://registry.npm.taobao.org/locate-path/download/locate-path-6.0.0.tgz",
      "integrity": "sha1-VTIeswn+u8WcSAHZMackUqaB0oY=",
      "requires": {
        "p-locate": "^5.0.0"
      }
    },
    "lodash": {
      "version": "4.17.20",
      "resolved": "https://registry.npm.taobao.org/lodash/download/lodash-4.17.20.tgz",
      "integrity": "sha1-tEqbYpe8tpjxxRo1RaKzs2jVnFI="
    },
    "merge-stream": {
      "version": "2.0.0",
      "resolved": "https://registry.npm.taobao.org/merge-stream/download/merge-stream-2.0.0.tgz",
      "integrity": "sha1-UoI2KaFN0AyXcPtq1H3GMQ8sH2A="
    },
    "mime-db": {
      "version": "1.45.0",
      "resolved": "https://registry.npm.taobao.org/mime-db/download/mime-db-1.45.0.tgz?cache=0&sync_timestamp=1600831175828&other_urls=https%3A%2F%2Fregistry.npm.taobao.org%2Fmime-db%2Fdownload%2Fmime-db-1.45.0.tgz",
      "integrity": "sha1-zO7aIczXw6dF66LezVXUtz54eeo="
    },
    "mime-types": {
      "version": "2.1.28",
      "resolved": "https://registry.npm.taobao.org/mime-types/download/mime-types-2.1.28.tgz?cache=0&sync_timestamp=1609559940028&other_urls=https%3A%2F%2Fregistry.npm.taobao.org%2Fmime-types%2Fdownload%2Fmime-types-2.1.28.tgz",
      "integrity": "sha1-EWDEdX6rLFNjiI4AUnPs950qDs0=",
      "requires": {
        "mime-db": "1.45.0"
      }
    },
    "neo-async": {
      "version": "2.6.2",
      "resolved": "https://registry.npm.taobao.org/neo-async/download/neo-async-2.6.2.tgz?cache=0&sync_timestamp=1594317361810&other_urls=https%3A%2F%2Fregistry.npm.taobao.org%2Fneo-async%2Fdownload%2Fneo-async-2.6.2.tgz",
      "integrity": "sha1-tKr7k+OustgXTKU88WOrfXMIMF8="
    },
    "node-releases": {
      "version": "1.1.67",
      "resolved": "https://registry.npm.taobao.org/node-releases/download/node-releases-1.1.67.tgz?cache=0&sync_timestamp=1605581282886&other_urls=https%3A%2F%2Fregistry.npm.taobao.org%2Fnode-releases%2Fdownload%2Fnode-releases-1.1.67.tgz",
      "integrity": "sha1-KOv8zNC6pqrY6NTY/ky8Sa4jnBI="
    },
    "p-limit": {
      "version": "3.1.0",
      "resolved": "https://registry.npm.taobao.org/p-limit/download/p-limit-3.1.0.tgz",
      "integrity": "sha1-4drMvnjQ0TiMoYxk/qOOPlfjcGs=",
      "requires": {
        "yocto-queue": "^0.1.0"
      }
    },
    "p-locate": {
      "version": "5.0.0",
      "resolved": "https://registry.npm.taobao.org/p-locate/download/p-locate-5.0.0.tgz?cache=0&sync_timestamp=1597081369770&other_urls=https%3A%2F%2Fregistry.npm.taobao.org%2Fp-locate%2Fdownload%2Fp-locate-5.0.0.tgz",
      "integrity": "sha1-g8gxXGeFAF470CGDlBHJ4RDm2DQ=",
      "requires": {
        "p-limit": "^3.0.2"
      }
    },
    "path-exists": {
      "version": "4.0.0",
      "resolved": "https://registry.npm.taobao.org/path-exists/download/path-exists-4.0.0.tgz",
      "integrity": "sha1-UTvb4tO5XXdi6METfvoZXGxhtbM="
    },
    "pkg-dir": {
      "version": "5.0.0",
      "resolved": "https://registry.npm.taobao.org/pkg-dir/download/pkg-dir-5.0.0.tgz?cache=0&sync_timestamp=1602859010405&other_urls=https%3A%2F%2Fregistry.npm.taobao.org%2Fpkg-dir%2Fdownload%2Fpkg-dir-5.0.0.tgz",
      "integrity": "sha1-oC1q6+a6EzqSj3Suwguv3+a452A=",
      "requires": {
        "find-up": "^5.0.0"
      }
    },
    "punycode": {
      "version": "2.1.1",
      "resolved": "https://registry.npm.taobao.org/punycode/download/punycode-2.1.1.tgz",
      "integrity": "sha1-tYsBCsQMIsVldhbI0sLALHv0eew="
    },
    "randombytes": {
      "version": "2.1.0",
      "resolved": "https://registry.npm.taobao.org/randombytes/download/randombytes-2.1.0.tgz",
      "integrity": "sha1-32+ENy8CcNxlzfYpE0mrekc9Tyo=",
      "requires": {
        "safe-buffer": "^5.1.0"
      }
    },
    "safe-buffer": {
      "version": "5.2.1",
      "resolved": "https://registry.npm.taobao.org/safe-buffer/download/safe-buffer-5.2.1.tgz",
      "integrity": "sha1-Hq+fqb2x/dTsdfWPnNtOa3gn7sY="
    },
    "schema-utils": {
      "version": "3.0.0",
      "resolved": "https://registry.npm.taobao.org/schema-utils/download/schema-utils-3.0.0.tgz",
      "integrity": "sha1-Z1AvaqK2ai1AMrQnmilEl4oJE+8=",
      "requires": {
        "@types/json-schema": "^7.0.6",
        "ajv": "^6.12.5",
        "ajv-keywords": "^3.5.2"
      }
    },
    "serialize-javascript": {
      "version": "5.0.1",
      "resolved": "https://registry.npm.taobao.org/serialize-javascript/download/serialize-javascript-5.0.1.tgz",
      "integrity": "sha1-eIbshIBJpGJGepfT2Rjrsqr5NPQ=",
      "requires": {
        "randombytes": "^2.1.0"
      }
    },
    "source-list-map": {
      "version": "2.0.1",
      "resolved": "https://registry.npm.taobao.org/source-list-map/download/source-list-map-2.0.1.tgz",
      "integrity": "sha1-OZO9hzv8SEecyp6jpUeDXHwVSzQ="
    },
    "source-map": {
      "version": "0.6.1",
      "resolved": "https://registry.npm.taobao.org/source-map/download/source-map-0.6.1.tgz",
      "integrity": "sha1-dHIq8y6WFOnCh6jQu95IteLxomM="
    },
    "source-map-support": {
      "version": "0.5.19",
      "resolved": "https://registry.npm.taobao.org/source-map-support/download/source-map-support-0.5.19.tgz",
      "integrity": "sha1-qYti+G3K9PZzmWSMCFKRq56P7WE=",
      "requires": {
        "buffer-from": "^1.0.0",
        "source-map": "^0.6.0"
      }
    },
    "supports-color": {
      "version": "7.2.0",
      "resolved": "https://registry.npm.taobao.org/supports-color/download/supports-color-7.2.0.tgz?cache=0&sync_timestamp=1608033349725&other_urls=https%3A%2F%2Fregistry.npm.taobao.org%2Fsupports-color%2Fdownload%2Fsupports-color-7.2.0.tgz",
      "integrity": "sha1-G33NyzK4E4gBs+R4umpRyqiWSNo=",
      "requires": {
        "has-flag": "^4.0.0"
      }
    },
    "tapable": {
      "version": "2.2.0",
      "resolved": "https://registry.npm.taobao.org/tapable/download/tapable-2.2.0.tgz?cache=0&sync_timestamp=1607088855476&other_urls=https%3A%2F%2Fregistry.npm.taobao.org%2Ftapable%2Fdownload%2Ftapable-2.2.0.tgz",
      "integrity": "sha1-XDc9KB2cZyhIIT0OA30cQWWrQms="
    },
    "terser": {
      "version": "5.5.1",
      "resolved": "https://registry.npm.taobao.org/terser/download/terser-5.5.1.tgz?cache=0&sync_timestamp=1606494026148&other_urls=https%3A%2F%2Fregistry.npm.taobao.org%2Fterser%2Fdownload%2Fterser-5.5.1.tgz",
      "integrity": "sha1-VAyqJROdb0lv3qBW5BQoSIb7Iok=",
      "requires": {
        "commander": "^2.20.0",
        "source-map": "~0.7.2",
        "source-map-support": "~0.5.19"
      },
      "dependencies": {
        "source-map": {
          "version": "0.7.3",
          "resolved": "https://registry.npm.taobao.org/source-map/download/source-map-0.7.3.tgz",
          "integrity": "sha1-UwL4FpAxc1ImVECS5kmB91F1A4M="
        }
      }
    },
    "terser-webpack-plugin": {
      "version": "5.0.3",
      "resolved": "https://registry.npm.taobao.org/terser-webpack-plugin/download/terser-webpack-plugin-5.0.3.tgz?cache=0&sync_timestamp=1603881839307&other_urls=https%3A%2F%2Fregistry.npm.taobao.org%2Fterser-webpack-plugin%2Fdownload%2Fterser-webpack-plugin-5.0.3.tgz",
      "integrity": "sha1-7GBULbJCH0VzXHGdLhfav7suPkI=",
      "requires": {
        "jest-worker": "^26.6.1",
        "p-limit": "^3.0.2",
        "schema-utils": "^3.0.0",
        "serialize-javascript": "^5.0.1",
        "source-map": "^0.6.1",
        "terser": "^5.3.8"
      }
    },
    "tslib": {
      "version": "1.14.1",
      "resolved": "https://registry.npm.taobao.org/tslib/download/tslib-1.14.1.tgz?cache=0&sync_timestamp=1602286724979&other_urls=https%3A%2F%2Fregistry.npm.taobao.org%2Ftslib%2Fdownload%2Ftslib-1.14.1.tgz",
      "integrity": "sha1-zy04vcNKE0vK8QkcQfZhni9nLQA="
    },
    "uri-js": {
      "version": "4.4.0",
      "resolved": "https://registry.npm.taobao.org/uri-js/download/uri-js-4.4.0.tgz?cache=0&sync_timestamp=1598814377097&other_urls=https%3A%2F%2Fregistry.npm.taobao.org%2Furi-js%2Fdownload%2Furi-js-4.4.0.tgz",
      "integrity": "sha1-qnFCYd55PoqCNHp7zJznTobyhgI=",
      "requires": {
        "punycode": "^2.1.0"
      }
    },
    "watchpack": {
      "version": "2.1.0",
      "resolved": "https://registry.npm.taobao.org/watchpack/download/watchpack-2.1.0.tgz",
      "integrity": "sha1-5jGUc2vzqiICb3sZHNV5B7D59pY=",
      "requires": {
        "glob-to-regexp": "^0.4.1",
        "graceful-fs": "^4.1.2"
      }
    },
    "webpack": {
      "version": "5.11.1",
      "resolved": "https://registry.npm.taobao.org/webpack/download/webpack-5.11.1.tgz",
      "integrity": "sha1-ObK52utcbGIOA7dVbsZ06u1AFrQ=",
      "requires": {
        "@types/eslint-scope": "^3.7.0",
        "@types/estree": "^0.0.45",
        "@webassemblyjs/ast": "1.9.1",
        "@webassemblyjs/helper-module-context": "1.9.1",
        "@webassemblyjs/wasm-edit": "1.9.1",
        "@webassemblyjs/wasm-parser": "1.9.1",
        "acorn": "^8.0.4",
        "browserslist": "^4.14.5",
        "chrome-trace-event": "^1.0.2",
        "enhanced-resolve": "^5.3.1",
        "eslint-scope": "^5.1.1",
        "events": "^3.2.0",
        "glob-to-regexp": "^0.4.1",
        "graceful-fs": "^4.2.4",
        "json-parse-better-errors": "^1.0.2",
        "loader-runner": "^4.1.0",
        "mime-types": "^2.1.27",
        "neo-async": "^2.6.2",
        "pkg-dir": "^5.0.0",
        "schema-utils": "^3.0.0",
        "tapable": "^2.1.1",
        "terser-webpack-plugin": "^5.0.3",
        "watchpack": "^2.0.0",
        "webpack-sources": "^2.1.1"
      }
    },
    "webpack-sources": {
      "version": "2.2.0",
      "resolved": "https://registry.npm.taobao.org/webpack-sources/download/webpack-sources-2.2.0.tgz?cache=0&sync_timestamp=1603965333971&other_urls=https%3A%2F%2Fregistry.npm.taobao.org%2Fwebpack-sources%2Fdownload%2Fwebpack-sources-2.2.0.tgz",
      "integrity": "sha1-BYkm8549RDGTtsMVRyKYBv/QK6w=",
      "requires": {
        "source-list-map": "^2.0.1",
        "source-map": "^0.6.1"
      }
    },
    "yocto-queue": {
      "version": "0.1.0",
      "resolved": "https://registry.npm.taobao.org/yocto-queue/download/yocto-queue-0.1.0.tgz",
      "integrity": "sha1-ApTrPe4FAo0x7hpfosVWpqrxChs="
    }
  }
}
